// !$*UTF8*$!
{
	archiveVersion = 1;
	classes = {
	};
	objectVersion = 56;
	objects = {

/* Begin PBXBuildFile section */
		453574F62B12661C00586E21 /* AppDelegate.swift in Sources */ = {isa = PBXBuildFile; fileRef = 453574F52B12661C00586E21 /* AppDelegate.swift */; };
		453574F82B12661C00586E21 /* SceneDelegate.swift in Sources */ = {isa = PBXBuildFile; fileRef = 453574F72B12661C00586E21 /* SceneDelegate.swift */; };
		453574FA2B12661C00586E21 /* ViewController.swift in Sources */ = {isa = PBXBuildFile; fileRef = 453574F92B12661C00586E21 /* ViewController.swift */; };
		453574FD2B12661C00586E21 /* Main.storyboard in Resources */ = {isa = PBXBuildFile; fileRef = 453574FB2B12661C00586E21 /* Main.storyboard */; };
		453575002B12661C00586E21 /* Travel_Book.xcdatamodeld in Sources */ = {isa = PBXBuildFile; fileRef = 453574FE2B12661C00586E21 /* Travel_Book.xcdatamodeld */; };
		453575022B12661E00586E21 /* Assets.xcassets in Resources */ = {isa = PBXBuildFile; fileRef = 453575012B12661E00586E21 /* Assets.xcassets */; };
		453575052B12661E00586E21 /* LaunchScreen.storyboard in Resources */ = {isa = PBXBuildFile; fileRef = 453575032B12661E00586E21 /* LaunchScreen.storyboard */; };
		453575102B12661E00586E21 /* Travel_BookTests.swift in Sources */ = {isa = PBXBuildFile; fileRef = 4535750F2B12661E00586E21 /* Travel_BookTests.swift */; };
		4535751A2B12661E00586E21 /* Travel_BookUITests.swift in Sources */ = {isa = PBXBuildFile; fileRef = 453575192B12661E00586E21 /* Travel_BookUITests.swift */; };
		4535751C2B12661E00586E21 /* Travel_BookUITestsLaunchTests.swift in Sources */ = {isa = PBXBuildFile; fileRef = 4535751B2B12661E00586E21 /* Travel_BookUITestsLaunchTests.swift */; };
		45F441D02B135C2000830BE4 /* ListViewController.swift in Sources */ = {isa = PBXBuildFile; fileRef = 45F441CF2B135C2000830BE4 /* ListViewController.swift */; };
/* End PBXBuildFile section */

/* Begin PBXContainerItemProxy section */
		4535750C2B12661E00586E21 /* PBXContainerItemProxy */ = {
			isa = PBXContainerItemProxy;
			containerPortal = 453574EA2B12661C00586E21 /* Project object */;
			proxyType = 1;
			remoteGlobalIDString = 453574F12B12661C00586E21;
			remoteInfo = "Travel Book";
		};
		453575162B12661E00586E21 /* PBXContainerItemProxy */ = {
			isa = PBXContainerItemProxy;
			containerPortal = 453574EA2B12661C00586E21 /* Project object */;
			proxyType = 1;
			remoteGlobalIDString = 453574F12B12661C00586E21;
			remoteInfo = "Travel Book";
		};
/* End PBXContainerItemProxy section */

/* Begin PBXFileReference section */
		453574F22B12661C00586E21 /* Travel Book.app */ = {isa = PBXFileReference; explicitFileType = wrapper.application; includeInIndex = 0; path = "Travel Book.app"; sourceTree = BUILT_PRODUCTS_DIR; };
		453574F52B12661C00586E21 /* AppDelegate.swift */ = {isa = PBXFileReference; lastKnownFileType = sourcecode.swift; path = AppDelegate.swift; sourceTree = "<group>"; };
		453574F72B12661C00586E21 /* SceneDelegate.swift */ = {isa = PBXFileReference; lastKnownFileType = sourcecode.swift; path = SceneDelegate.swift; sourceTree = "<group>"; };
		453574F92B12661C00586E21 /* ViewController.swift */ = {isa = PBXFileReference; lastKnownFileType = sourcecode.swift; path = ViewController.swift; sourceTree = "<group>"; };
		453574FC2B12661C00586E21 /* Base */ = {isa = PBXFileReference; lastKnownFileType = file.storyboard; name = Base; path = Base.lproj/Main.storyboard; sourceTree = "<group>"; };
		453574FF2B12661C00586E21 /* Travel_Book.xcdatamodel */ = {isa = PBXFileReference; lastKnownFileType = wrapper.xcdatamodel; path = Travel_Book.xcdatamodel; sourceTree = "<group>"; };
		453575012B12661E00586E21 /* Assets.xcassets */ = {isa = PBXFileReference; lastKnownFileType = folder.assetcatalog; path = Assets.xcassets; sourceTree = "<group>"; };
		453575042B12661E00586E21 /* Base */ = {isa = PBXFileReference; lastKnownFileType = file.storyboard; name = Base; path = Base.lproj/LaunchScreen.storyboard; sourceTree = "<group>"; };
		453575062B12661E00586E21 /* Info.plist */ = {isa = PBXFileReference; lastKnownFileType = text.plist.xml; path = Info.plist; sourceTree = "<group>"; };
		4535750B2B12661E00586E21 /* Travel BookTests.xctest */ = {isa = PBXFileReference; explicitFileType = wrapper.cfbundle; includeInIndex = 0; path = "Travel BookTests.xctest"; sourceTree = BUILT_PRODUCTS_DIR; };
		4535750F2B12661E00586E21 /* Travel_BookTests.swift */ = {isa = PBXFileReference; lastKnownFileType = sourcecode.swift; path = Travel_BookTests.swift; sourceTree = "<group>"; };
		453575152B12661E00586E21 /* Travel BookUITests.xctest */ = {isa = PBXFileReference; explicitFileType = wrapper.cfbundle; includeInIndex = 0; path = "Travel BookUITests.xctest"; sourceTree = BUILT_PRODUCTS_DIR; };
		453575192B12661E00586E21 /* Travel_BookUITests.swift */ = {isa = PBXFileReference; lastKnownFileType = sourcecode.swift; path = Travel_BookUITests.swift; sourceTree = "<group>"; };
		4535751B2B12661E00586E21 /* Travel_BookUITestsLaunchTests.swift */ = {isa = PBXFileReference; lastKnownFileType = sourcecode.swift; path = Travel_BookUITestsLaunchTests.swift; sourceTree = "<group>"; };
		45F441CF2B135C2000830BE4 /* ListViewController.swift */ = {isa = PBXFileReference; lastKnownFileType = sourcecode.swift; path = ListViewController.swift; sourceTree = "<group>"; };
/* End PBXFileReference section */

/* Begin PBXFrameworksBuildPhase section */
		453574EF2B12661C00586E21 /* Frameworks */ = {
			isa = PBXFrameworksBuildPhase;
			buildActionMask = 2147483647;
			files = (
			);
			runOnlyForDeploymentPostprocessing = 0;
		};
		453575082B12661E00586E21 /* Frameworks */ = {
			isa = PBXFrameworksBuildPhase;
			buildActionMask = 2147483647;
			files = (
			);
			runOnlyForDeploymentPostprocessing = 0;
		};
		453575122B12661E00586E21 /* Frameworks */ = {
			isa = PBXFrameworksBuildPhase;
			buildActionMask = 2147483647;
			files = (
			);
			runOnlyForDeploymentPostprocessing = 0;
		};
/* End PBXFrameworksBuildPhase section */

/* Begin PBXGroup section */
		453574E92B12661C00586E21 = {
			isa = PBXGroup;
			children = (
				453574F42B12661C00586E21 /* Travel Book */,
				4535750E2B12661E00586E21 /* Travel BookTests */,
				453575182B12661E00586E21 /* Travel BookUITests */,
				453574F32B12661C00586E21 /* Products */,
			);
			sourceTree = "<group>";
		};
		453574F32B12661C00586E21 /* Products */ = {
			isa = PBXGroup;
			children = (
				453574F22B12661C00586E21 /* Travel Book.app */,
				4535750B2B12661E00586E21 /* Travel BookTests.xctest */,
				453575152B12661E00586E21 /* Travel BookUITests.xctest */,
			);
			name = Products;
			sourceTree = "<group>";
		};
		453574F42B12661C00586E21 /* Travel Book */ = {
			isa = PBXGroup;
			children = (
				453574F52B12661C00586E21 /* AppDelegate.swift */,
				453574F72B12661C00586E21 /* SceneDelegate.swift */,
				453574F92B12661C00586E21 /* ViewController.swift */,
				453574FB2B12661C00586E21 /* Main.storyboard */,
				45F441CF2B135C2000830BE4 /* ListViewController.swift */,
				453575012B12661E00586E21 /* Assets.xcassets */,
				453575032B12661E00586E21 /* LaunchScreen.storyboard */,
				453575062B12661E00586E21 /* Info.plist */,
				453574FE2B12661C00586E21 /* Travel_Book.xcdatamodeld */,
			);
			path = "Travel Book";
			sourceTree = "<group>";
		};
		4535750E2B12661E00586E21 /* Travel BookTests */ = {
			isa = PBXGroup;
			children = (
				4535750F2B12661E00586E21 /* Travel_BookTests.swift */,
			);
			path = "Travel BookTests";
			sourceTree = "<group>";
		};
		453575182B12661E00586E21 /* Travel BookUITests */ = {
			isa = PBXGroup;
			children = (
				453575192B12661E00586E21 /* Travel_BookUITests.swift */,
				4535751B2B12661E00586E21 /* Travel_BookUITestsLaunchTests.swift */,
			);
			path = "Travel BookUITests";
			sourceTree = "<group>";
		};
/* End PBXGroup section */

/* Begin PBXNativeTarget section */
		453574F12B12661C00586E21 /* Travel Book */ = {
			isa = PBXNativeTarget;
			buildConfigurationList = 4535751F2B12661E00586E21 /* Build configuration list for PBXNativeTarget "Travel Book" */;
			buildPhases = (
				453574EE2B12661C00586E21 /* Sources */,
				453574EF2B12661C00586E21 /* Frameworks */,
				453574F02B12661C00586E21 /* Resources */,
			);
			buildRules = (
			);
			dependencies = (
			);
			name = "Travel Book";
			productName = "Travel Book";
			productReference = 453574F22B12661C00586E21 /* Travel Book.app */;
			productType = "com.apple.product-type.application";
		};
		4535750A2B12661E00586E21 /* Travel BookTests */ = {
			isa = PBXNativeTarget;
			buildConfigurationList = 453575222B12661E00586E21 /* Build configuration list for PBXNativeTarget "Travel BookTests" */;
			buildPhases = (
				453575072B12661E00586E21 /* Sources */,
				453575082B12661E00586E21 /* Frameworks */,
				453575092B12661E00586E21 /* Resources */,
			);
			buildRules = (
			);
			dependencies = (
				4535750D2B12661E00586E21 /* PBXTargetDependency */,
			);
			name = "Travel BookTests";
			productName = "Travel BookTests";
			productReference = 4535750B2B12661E00586E21 /* Travel BookTests.xctest */;
			productType = "com.apple.product-type.bundle.unit-test";
		};
		453575142B12661E00586E21 /* Travel BookUITests */ = {
			isa = PBXNativeTarget;
			buildConfigurationList = 453575252B12661E00586E21 /* Build configuration list for PBXNativeTarget "Travel BookUITests" */;
			buildPhases = (
				453575112B12661E00586E21 /* Sources */,
				453575122B12661E00586E21 /* Frameworks */,
				453575132B12661E00586E21 /* Resources */,
			);
			buildRules = (
			);
			dependencies = (
				453575172B12661E00586E21 /* PBXTargetDependency */,
			);
			name = "Travel BookUITests";
			productName = "Travel BookUITests";
			productReference = 453575152B12661E00586E21 /* Travel BookUITests.xctest */;
			productType = "com.apple.product-type.bundle.ui-testing";
		};
/* End PBXNativeTarget section */

/* Begin PBXProject section */
		453574EA2B12661C00586E21 /* Project object */ = {
			isa = PBXProject;
			attributes = {
				BuildIndependentTargetsInParallel = 1;
				LastSwiftUpdateCheck = 1500;
				LastUpgradeCheck = 1500;
				TargetAttributes = {
					453574F12B12661C00586E21 = {
						CreatedOnToolsVersion = 15.0.1;
					};
					4535750A2B12661E00586E21 = {
						CreatedOnToolsVersion = 15.0.1;
						TestTargetID = 453574F12B12661C00586E21;
					};
					453575142B12661E00586E21 = {
						CreatedOnToolsVersion = 15.0.1;
						TestTargetID = 453574F12B12661C00586E21;
					};
				};
			};
			buildConfigurationList = 453574ED2B12661C00586E21 /* Build configuration list for PBXProject "Travel Book" */;
			compatibilityVersion = "Xcode 14.0";
			developmentRegion = en;
			hasScannedForEncodings = 0;
			knownRegions = (
				en,
				Base,
			);
			mainGroup = 453574E92B12661C00586E21;
			productRefGroup = 453574F32B12661C00586E21 /* Products */;
			projectDirPath = "";
			projectRoot = "";
			targets = (
				453574F12B12661C00586E21 /* Travel Book */,
				4535750A2B12661E00586E21 /* Travel BookTests */,
				453575142B12661E00586E21 /* Travel BookUITests */,
			);
		};
/* End PBXProject section */

/* Begin PBXResourcesBuildPhase section */
		453574F02B12661C00586E21 /* Resources */ = {
			isa = PBXResourcesBuildPhase;
			buildActionMask = 2147483647;
			files = (
				453575052B12661E00586E21 /* LaunchScreen.storyboard in Resources */,
				453575022B12661E00586E21 /* Assets.xcassets in Resources */,
				453574FD2B12661C00586E21 /* Main.storyboard in Resources */,
			);
			runOnlyForDeploymentPostprocessing = 0;
		};
		453575092B12661E00586E21 /* Resources */ = {
			isa = PBXResourcesBuildPhase;
			buildActionMask = 2147483647;
			files = (
			);
			runOnlyForDeploymentPostprocessing = 0;
		};
		453575132B12661E00586E21 /* Resources */ = {
			isa = PBXResourcesBuildPhase;
			buildActionMask = 2147483647;
			files = (
			);
			runOnlyForDeploymentPostprocessing = 0;
		};
/* End PBXResourcesBuildPhase section */

/* Begin PBXSourcesBuildPhase section */
		453574EE2B12661C00586E21 /* Sources */ = {
			isa = PBXSourcesBuildPhase;
			buildActionMask = 2147483647;
			files = (
				453575002B12661C00586E21 /* Travel_Book.xcdatamodeld in Sources */,
				453574FA2B12661C00586E21 /* ViewController.swift in Sources */,
				453574F62B12661C00586E21 /* AppDelegate.swift in Sources */,
				45F441D02B135C2000830BE4 /* ListViewController.swift in Sources */,
				453574F82B12661C00586E21 /* SceneDelegate.swift in Sources */,
			);
			runOnlyForDeploymentPostprocessing = 0;
		};
		453575072B12661E00586E21 /* Sources */ = {
			isa = PBXSourcesBuildPhase;
			buildActionMask = 2147483647;
			files = (
				453575102B12661E00586E21 /* Travel_BookTests.swift in Sources */,
			);
			runOnlyForDeploymentPostprocessing = 0;
		};
		453575112B12661E00586E21 /* Sources */ = {
			isa = PBXSourcesBuildPhase;
			buildActionMask = 2147483647;
			files = (
				4535751A2B12661E00586E21 /* Travel_BookUITests.swift in Sources */,
				4535751C2B12661E00586E21 /* Travel_BookUITestsLaunchTests.swift in Sources */,
			);
			runOnlyForDeploymentPostprocessing = 0;
		};
/* End PBXSourcesBuildPhase section */

/* Begin PBXTargetDependency section */
		4535750D2B12661E00586E21 /* PBXTargetDependency */ = {
			isa = PBXTargetDependency;
			target = 453574F12B12661C00586E21 /* Travel Book */;
			targetProxy = 4535750C2B12661E00586E21 /* PBXContainerItemProxy */;
		};
		453575172B12661E00586E21 /* PBXTargetDependency */ = {
			isa = PBXTargetDependency;
			target = 453574F12B12661C00586E21 /* Travel Book */;
			targetProxy = 453575162B12661E00586E21 /* PBXContainerItemProxy */;
		};
/* End PBXTargetDependency section */

/* Begin PBXVariantGroup section */
		453574FB2B12661C00586E21 /* Main.storyboard */ = {
			isa = PBXVariantGroup;
			children = (
				453574FC2B12661C00586E21 /* Base */,
			);
			name = Main.storyboard;
			sourceTree = "<group>";
		};
		453575032B12661E00586E21 /* LaunchScreen.storyboard */ = {
			isa = PBXVariantGroup;
			children = (
				453575042B12661E00586E21 /* Base */,
			);
			name = LaunchScreen.storyboard;
			sourceTree = "<group>";
		};
/* End PBXVariantGroup section */

/* Begin XCBuildConfiguration section */
		4535751D2B12661E00586E21 /* Debug */ = {
			isa = XCBuildConfiguration;
			buildSettings = {
				ALWAYS_SEARCH_USER_PATHS = NO;
				ASSETCATALOG_COMPILER_GENERATE_SWIFT_ASSET_SYMBOL_EXTENSIONS = YES;
				CLANG_ANALYZER_NONNULL = YES;
				CLANG_ANALYZER_NUMBER_OBJECT_CONVERSION = YES_AGGRESSIVE;
				CLANG_CXX_LANGUAGE_STANDARD = "gnu++20";
				CLANG_ENABLE_MODULES = YES;
				CLANG_ENABLE_OBJC_ARC = YES;
				CLANG_ENABLE_OBJC_WEAK = YES;
				CLANG_WARN_BLOCK_CAPTURE_AUTORELEASING = YES;
				CLANG_WARN_BOOL_CONVERSION = YES;
				CLANG_WARN_COMMA = YES;
				CLANG_WARN_CONSTANT_CONVERSION = YES;
				CLANG_WARN_DEPRECATED_OBJC_IMPLEMENTATIONS = YES;
				CLANG_WARN_DIRECT_OBJC_ISA_USAGE = YES_ERROR;
				CLANG_WARN_DOCUMENTATION_COMMENTS = YES;
				CLANG_WARN_EMPTY_BODY = YES;
				CLANG_WARN_ENUM_CONVERSION = YES;
				CLANG_WARN_INFINITE_RECURSION = YES;
				CLANG_WARN_INT_CONVERSION = YES;
				CLANG_WARN_NON_LITERAL_NULL_CONVERSION = YES;
				CLANG_WARN_OBJC_IMPLICIT_RETAIN_SELF = YES;
				CLANG_WARN_OBJC_LITERAL_CONVERSION = YES;
				CLANG_WARN_OBJC_ROOT_CLASS = YES_ERROR;
				CLANG_WARN_QUOTED_INCLUDE_IN_FRAMEWORK_HEADER = YES;
				CLANG_WARN_RANGE_LOOP_ANALYSIS = YES;
				CLANG_WARN_STRICT_PROTOTYPES = YES;
				CLANG_WARN_SUSPICIOUS_MOVE = YES;
				CLANG_WARN_UNGUARDED_AVAILABILITY = YES_AGGRESSIVE;
				CLANG_WARN_UNREACHABLE_CODE = YES;
				CLANG_WARN__DUPLICATE_METHOD_MATCH = YES;
				COPY_PHASE_STRIP = NO;
				DEBUG_INFORMATION_FORMAT = dwarf;
				ENABLE_STRICT_OBJC_MSGSEND = YES;
				ENABLE_TESTABILITY = YES;
				ENABLE_USER_SCRIPT_SANDBOXING = YES;
				GCC_C_LANGUAGE_STANDARD = gnu17;
				GCC_DYNAMIC_NO_PIC = NO;
				GCC_NO_COMMON_BLOCKS = YES;
				GCC_OPTIMIZATION_LEVEL = 0;
				GCC_PREPROCESSOR_DEFINITIONS = (
					"DEBUG=1",
					"$(inherited)",
				);
				GCC_WARN_64_TO_32_BIT_CONVERSION = YES;
				GCC_WARN_ABOUT_RETURN_TYPE = YES_ERROR;
				GCC_WARN_UNDECLARED_SELECTOR = YES;
				GCC_WARN_UNINITIALIZED_AUTOS = YES_AGGRESSIVE;
				GCC_WARN_UNUSED_FUNCTION = YES;
				GCC_WARN_UNUSED_VARIABLE = YES;
				IPHONEOS_DEPLOYMENT_TARGET = 17.0;
				LOCALIZATION_PREFERS_STRING_CATALOGS = YES;
				MTL_ENABLE_DEBUG_INFO = INCLUDE_SOURCE;
				MTL_FAST_MATH = YES;
				ONLY_ACTIVE_ARCH = YES;
				SDKROOT = iphoneos;
				SWIFT_ACTIVE_COMPILATION_CONDITIONS = "DEBUG $(inherited)";
				SWIFT_OPTIMIZATION_LEVEL = "-Onone";
			};
			name = Debug;
		};
		4535751E2B12661E00586E21 /* Release */ = {
			isa = XCBuildConfiguration;
			buildSettings = {
				ALWAYS_SEARCH_USER_PATHS = NO;
				ASSETCATALOG_COMPILER_GENERATE_SWIFT_ASSET_SYMBOL_EXTENSIONS = YES;
				CLANG_ANALYZER_NONNULL = YES;
				CLANG_ANALYZER_NUMBER_OBJECT_CONVERSION = YES_AGGRESSIVE;
				CLANG_CXX_LANGUAGE_STANDARD = "gnu++20";
				CLANG_ENABLE_MODULES = YES;
				CLANG_ENABLE_OBJC_ARC = YES;
				CLANG_ENABLE_OBJC_WEAK = YES;
				CLANG_WARN_BLOCK_CAPTURE_AUTORELEASING = YES;
				CLANG_WARN_BOOL_CONVERSION = YES;
				CLANG_WARN_COMMA = YES;
				CLANG_WARN_CONSTANT_CONVERSION = YES;
				CLANG_WARN_DEPRECATED_OBJC_IMPLEMENTATIONS = YES;
				CLANG_WARN_DIRECT_OBJC_ISA_USAGE = YES_ERROR;
				CLANG_WARN_DOCUMENTATION_COMMENTS = YES;
				CLANG_WARN_EMPTY_BODY = YES;
				CLANG_WARN_ENUM_CONVERSION = YES;
				CLANG_WARN_INFINITE_RECURSION = YES;
				CLANG_WARN_INT_CONVERSION = YES;
				CLANG_WARN_NON_LITERAL_NULL_CONVERSION = YES;
				CLANG_WARN_OBJC_IMPLICIT_RETAIN_SELF = YES;
				CLANG_WARN_OBJC_LITERAL_CONVERSION = YES;
				CLANG_WARN_OBJC_ROOT_CLASS = YES_ERROR;
				CLANG_WARN_QUOTED_INCLUDE_IN_FRAMEWORK_HEADER = YES;
				CLANG_WARN_RANGE_LOOP_ANALYSIS = YES;
				CLANG_WARN_STRICT_PROTOTYPES = YES;
				CLANG_WARN_SUSPICIOUS_MOVE = YES;
				CLANG_WARN_UNGUARDED_AVAILABILITY = YES_AGGRESSIVE;
				CLANG_WARN_UNREACHABLE_CODE = YES;
				CLANG_WARN__DUPLICATE_METHOD_MATCH = YES;
				COPY_PHASE_STRIP = NO;
				DEBUG_INFORMATION_FORMAT = "dwarf-with-dsym";
				ENABLE_NS_ASSERTIONS = NO;
				ENABLE_STRICT_OBJC_MSGSEND = YES;
				ENABLE_USER_SCRIPT_SANDBOXING = YES;
				GCC_C_LANGUAGE_STANDARD = gnu17;
				GCC_NO_COMMON_BLOCKS = YES;
				GCC_WARN_64_TO_32_BIT_CONVERSION = YES;
				GCC_WARN_ABOUT_RETURN_TYPE = YES_ERROR;
				GCC_WARN_UNDECLARED_SELECTOR = YES;
				GCC_WARN_UNINITIALIZED_AUTOS = YES_AGGRESSIVE;
				GCC_WARN_UNUSED_FUNCTION = YES;
				GCC_WARN_UNUSED_VARIABLE = YES;
				IPHONEOS_DEPLOYMENT_TARGET = 17.0;
				LOCALIZATION_PREFERS_STRING_CATALOGS = YES;
				MTL_ENABLE_DEBUG_INFO = NO;
				MTL_FAST_MATH = YES;
				SDKROOT = iphoneos;
				SWIFT_COMPILATION_MODE = wholemodule;
				VALIDATE_PRODUCT = YES;
			};
			name = Release;
		};
		453575202B12661E00586E21 /* Debug */ = {
			isa = XCBuildConfiguration;
			buildSettings = {
				ASSETCATALOG_COMPILER_APPICON_NAME = AppIcon;
				ASSETCATALOG_COMPILER_GLOBAL_ACCENT_COLOR_NAME = AccentColor;
				CODE_SIGN_STYLE = Automatic;
				CURRENT_PROJECT_VERSION = 1;
				DEVELOPMENT_TEAM = 75RPJYM6U7;
				GENERATE_INFOPLIST_FILE = YES;
				INFOPLIST_FILE = "Travel Book/Info.plist";
				INFOPLIST_KEY_UIApplicationSupportsIndirectInputEvents = YES;
				INFOPLIST_KEY_UILaunchStoryboardName = LaunchScreen;
				INFOPLIST_KEY_UIMainStoryboardFile = Main;
				INFOPLIST_KEY_UISupportedInterfaceOrientations_iPad = "UIInterfaceOrientationPortrait UIInterfaceOrientationPortraitUpsideDown UIInterfaceOrientationLandscapeLeft UIInterfaceOrientationLandscapeRight";
				INFOPLIST_KEY_UISupportedInterfaceOrientations_iPhone = "UIInterfaceOrientationPortrait UIInterfaceOrientationLandscapeLeft UIInterfaceOrientationLandscapeRight";
				LD_RUNPATH_SEARCH_PATHS = (
					"$(inherited)",
					"@executable_path/Frameworks",
				);
				MARKETING_VERSION = 1.0;
				PRODUCT_BUNDLE_IDENTIFIER = "com.sagar.Travel-Book";
				PRODUCT_NAME = "$(TARGET_NAME)";
				SWIFT_EMIT_LOC_STRINGS = YES;
				SWIFT_VERSION = 5.0;
				TARGETED_DEVICE_FAMILY = "1,2";
			};
			name = Debug;
		};
		453575212B12661E00586E21 /* Release */ = {
			isa = XCBuildConfiguration;
			buildSettings = {
				ASSETCATALOG_COMPILER_APPICON_NAME = AppIcon;
				ASSETCATALOG_COMPILER_GLOBAL_ACCENT_COLOR_NAME = AccentColor;
				CODE_SIGN_STYLE = Automatic;
				CURRENT_PROJECT_VERSION = 1;
				DEVELOPMENT_TEAM = 75RPJYM6U7;
				GENERATE_INFOPLIST_FILE = YES;
				INFOPLIST_FILE = "Travel Book/Info.plist";
				INFOPLIST_KEY_UIApplicationSupportsIndirectInputEvents = YES;
				INFOPLIST_KEY_UILaunchStoryboardName = LaunchScreen;
				INFOPLIST_KEY_UIMainStoryboardFile = Main;
				INFOPLIST_KEY_UISupportedInterfaceOrientations_iPad = "UIInterfaceOrientationPortrait UIInterfaceOrientationPortraitUpsideDown UIInterfaceOrientationLandscapeLeft UIInterfaceOrientationLandscapeRight";
				INFOPLIST_KEY_UISupportedInterfaceOrientations_iPhone = "UIInterfaceOrientationPortrait UIInterfaceOrientationLandscapeLeft UIInterfaceOrientationLandscapeRight";
				LD_RUNPATH_SEARCH_PATHS = (
					"$(inherited)",
					"@executable_path/Frameworks",
				);
				MARKETING_VERSION = 1.0;
				PRODUCT_BUNDLE_IDENTIFIER = "com.sagar.Travel-Book";
				PRODUCT_NAME = "$(TARGET_NAME)";
				SWIFT_EMIT_LOC_STRINGS = YES;
				SWIFT_VERSION = 5.0;
				TARGETED_DEVICE_FAMILY = "1,2";
			};
			name = Release;
		};
		453575232B12661E00586E21 /* Debug */ = {
			isa = XCBuildConfiguration;
			buildSettings = {
				ALWAYS_EMBED_SWIFT_STANDARD_LIBRARIES = YES;
				BUNDLE_LOADER = "$(TEST_HOST)";
				CODE_SIGN_STYLE = Automatic;
				CURRENT_PROJECT_VERSION = 1;
				DEVELOPMENT_TEAM = 75RPJYM6U7;
				GENERATE_INFOPLIST_FILE = YES;
				IPHONEOS_DEPLOYMENT_TARGET = 17.0;
				MARKETING_VERSION = 1.0;
				PRODUCT_BUNDLE_IDENTIFIER = "com.sagar.Travel-BookTests";
				PRODUCT_NAME = "$(TARGET_NAME)";
				SWIFT_EMIT_LOC_STRINGS = NO;
				SWIFT_VERSION = 5.0;
				TARGETED_DEVICE_FAMILY = "1,2";
				TEST_HOST = "$(BUILT_PRODUCTS_DIR)/Travel Book.app/$(BUNDLE_EXECUTABLE_FOLDER_PATH)/Travel Book";
			};
			name = Debug;
		};
		453575242B12661E00586E21 /* Release */ = {
			isa = XCBuildConfiguration;
			buildSettings = {
				ALWAYS_EMBED_SWIFT_STANDARD_LIBRARIES = YES;
				BUNDLE_LOADER = "$(TEST_HOST)";
				CODE_SIGN_STYLE = Automatic;
				CURRENT_PROJECT_VERSION = 1;
				DEVELOPMENT_TEAM = 75RPJYM6U7;
				GENERATE_INFOPLIST_FILE = YES;
				IPHONEOS_DEPLOYMENT_TARGET = 17.0;
				MARKETING_VERSION = 1.0;
				PRODUCT_BUNDLE_IDENTIFIER = "com.sagar.Travel-BookTests";
				PRODUCT_NAME = "$(TARGET_NAME)";
				SWIFT_EMIT_LOC_STRINGS = NO;
				SWIFT_VERSION = 5.0;
				TARGETED_DEVICE_FAMILY = "1,2";
				TEST_HOST = "$(BUILT_PRODUCTS_DIR)/Travel Book.app/$(BUNDLE_EXECUTABLE_FOLDER_PATH)/Travel Book";
			};
			name = Release;
		};
		453575262B12661E00586E21 /* Debug */ = {
			isa = XCBuildConfiguration;
			buildSettings = {
				ALWAYS_EMBED_SWIFT_STANDARD_LIBRARIES = YES;
				CODE_SIGN_STYLE = Automatic;
				CURRENT_PROJECT_VERSION = 1;
				DEVELOPMENT_TEAM = 75RPJYM6U7;
				GENERATE_INFOPLIST_FILE = YES;
				MARKETING_VERSION = 1.0;
				PRODUCT_BUNDLE_IDENTIFIER = "com.sagar.Travel-BookUITests";
				PRODUCT_NAME = "$(TARGET_NAME)";
				SWIFT_EMIT_LOC_STRINGS = NO;
				SWIFT_VERSION = 5.0;
				TARGETED_DEVICE_FAMILY = "1,2";
				TEST_TARGET_NAME = "Travel Book";
			};
			name = Debug;
		};
		453575272B12661E00586E21 /* Release */ = {
			isa = XCBuildConfiguration;
			buildSettings = {
				ALWAYS_EMBED_SWIFT_STANDARD_LIBRARIES = YES;
				CODE_SIGN_STYLE = Automatic;
				CURRENT_PROJECT_VERSION = 1;
				DEVELOPMENT_TEAM = 75RPJYM6U7;
				GENERATE_INFOPLIST_FILE = YES;
				MARKETING_VERSION = 1.0;
				PRODUCT_BUNDLE_IDENTIFIER = "com.sagar.Travel-BookUITests";
				PRODUCT_NAME = "$(TARGET_NAME)";
				SWIFT_EMIT_LOC_STRINGS = NO;
				SWIFT_VERSION = 5.0;
				TARGETED_DEVICE_FAMILY = "1,2";
				TEST_TARGET_NAME = "Travel Book";
			};
			name = Release;
		};
/* End XCBuildConfiguration section */

/* Begin XCConfigurationList section */
		453574ED2B12661C00586E21 /* Build configuration list for PBXProject "Travel Book" */ = {
			isa = XCConfigurationList;
			buildConfigurations = (
				4535751D2B12661E00586E21 /* Debug */,
				4535751E2B12661E00586E21 /* Release */,
			);
			defaultConfigurationIsVisible = 0;
			defaultConfigurationName = Release;
		};
		4535751F2B12661E00586E21 /* Build configuration list for PBXNativeTarget "Travel Book" */ = {
			isa = XCConfigurationList;
			buildConfigurations = (
				453575202B12661E00586E21 /* Debug */,
				453575212B12661E00586E21 /* Release */,
			);
			defaultConfigurationIsVisible = 0;
			defaultConfigurationName = Release;
		};
		453575222B12661E00586E21 /* Build configuration list for PBXNativeTarget "Travel BookTests" */ = {
			isa = XCConfigurationList;
			buildConfigurations = (
				453575232B12661E00586E21 /* Debug */,
				453575242B12661E00586E21 /* Release */,
			);
			defaultConfigurationIsVisible = 0;
			defaultConfigurationName = Release;
		};
		453575252B12661E00586E21 /* Build configuration list for PBXNativeTarget "Travel BookUITests" */ = {
			isa = XCConfigurationList;
			buildConfigurations = (
				453575262B12661E00586E21 /* Debug */,
				453575272B12661E00586E21 /* Release */,
			);
			defaultConfigurationIsVisible = 0;
			defaultConfigurationName = Release;
		};
/* End XCConfigurationList section */

/* Begin XCVersionGroup section */
		453574FE2B12661C00586E21 /* Travel_Book.xcdatamodeld */ = {
			isa = XCVersionGroup;
			children = (
				453574FF2B12661C00586E21 /* Travel_Book.xcdatamodel */,
			);
			currentVersion = 453574FF2B12661C00586E21 /* Travel_Book.xcdatamodel */;
			path = Travel_Book.xcdatamodeld;
			sourceTree = "<group>";
			versionGroupType = wrapper.xcdatamodel;
		};
/* End XCVersionGroup section */
	};
	rootObject = 453574EA2B12661C00586E21 /* Project object */;
}
